# This file is automatically @generated by Wally.
# It is not intended for manual editing.
registry = "test"

[[package]]
name = "ffrostfall/fluid"
version = "0.6.4"
dependencies = []

[[package]]
name = "izan/jecs-fluid"
version = "0.1.0"
dependencies = [["fluid", "ffrostfall/fluid@0.6.4"], ["jecs", "ukendio/jecs@0.9.0"], ["jecs-utils", "pepeeltoro41/jecs-utils@1.1.1"]]

[[package]]
name = "pepeeltoro41/jecs-utils"
version = "1.1.1"
dependencies = [["jecs", "ukendio/jecs@0.9.0"]]

[[package]]
name = "ukendio/jecs"
version = "0.9.0"
dependencies = []
